{
  "projects": [
    {
      "projectId": "8HMNFKnEv7gJ55SbTqvTiU",
      "version": "latest",
      "dependencies": {
        "caTPwKxj5ZrD9LQ7DMdK4Z": "3.13.0"
      },
      "lang": "js",
      "fileLocks": [
        {
          "type": "globalVariant",
          "assetId": "CywHnA3LRZAXM",
          "checksum": "2afc09b14e536a8ed14f381ec9c45685"
        },
        {
          "type": "renderModule",
          "assetId": "2QbDyMolKpzt",
          "checksum": "78b774d56ab3d64e5e1ea6b73a948c3c"
        },
        {
          "type": "cssRules",
          "assetId": "2QbDyMolKpzt",
          "checksum": "78b774d56ab3d64e5e1ea6b73a948c3c"
        },
        {
          "type": "renderModule",
          "assetId": "0XcyjVyUyT",
          "checksum": "dc20a42ad9677e01e1ec50430d4fb35f"
        },
        {
          "type": "cssRules",
          "assetId": "0XcyjVyUyT",
          "checksum": "dc20a42ad9677e01e1ec50430d4fb35f"
        },
        {
          "type": "renderModule",
          "assetId": "40oQIk4rcZ",
          "checksum": "54e130df9afef0745016121a1c145f6d"
        },
        {
          "type": "cssRules",
          "assetId": "40oQIk4rcZ",
          "checksum": "54e130df9afef0745016121a1c145f6d"
        },
        {
          "type": "renderModule",
          "assetId": "e8nCEUlLHb",
          "checksum": "6754f04fe6ef7f4b5fbaf275505a3550"
        },
        {
          "type": "cssRules",
          "assetId": "e8nCEUlLHb",
          "checksum": "6754f04fe6ef7f4b5fbaf275505a3550"
        },
        {
          "type": "renderModule",
          "assetId": "4PjNop8mQb",
          "checksum": "a33614efa90bbf263d04f4cb6f19dba9"
        },
        {
          "type": "cssRules",
          "assetId": "4PjNop8mQb",
          "checksum": "a33614efa90bbf263d04f4cb6f19dba9"
        },
        {
          "type": "renderModule",
          "assetId": "AfiUy9xyrPK",
          "checksum": "04fb50dbdadea9545443561b79679767"
        },
        {
          "type": "cssRules",
          "assetId": "AfiUy9xyrPK",
          "checksum": "04fb50dbdadea9545443561b79679767"
        },
        {
          "type": "renderModule",
          "assetId": "SBcIalM9fJh",
          "checksum": "477f1aa50e2b6a19ee81131f6017007d"
        },
        {
          "type": "cssRules",
          "assetId": "SBcIalM9fJh",
          "checksum": "477f1aa50e2b6a19ee81131f6017007d"
        },
        {
          "type": "renderModule",
          "assetId": "M3bQRkfZiP",
          "checksum": "d6d6b1e15d4d286b653dbb6a6fbebfce"
        },
        {
          "type": "cssRules",
          "assetId": "M3bQRkfZiP",
          "checksum": "d6d6b1e15d4d286b653dbb6a6fbebfce"
        },
        {
          "type": "renderModule",
          "assetId": "0SLk0MG_H_",
          "checksum": "8ac9bf8f4d7732be85051424f7332919"
        },
        {
          "type": "cssRules",
          "assetId": "0SLk0MG_H_",
          "checksum": "8ac9bf8f4d7732be85051424f7332919"
        },
        {
          "type": "icon",
          "assetId": "6RdOQRrPg",
          "checksum": "be95b8e80b245a01143cd5fe90effb1d"
        },
        {
          "type": "icon",
          "assetId": "k2w9DMtuZQA",
          "checksum": "c9c25fb12146ebef51e31ebd58e4c7c5"
        },
        {
          "type": "icon",
          "assetId": "Etw_otJIc8D",
          "checksum": "809947281148b2b784a77d413b6bca37"
        },
        {
          "type": "icon",
          "assetId": "ZBXIjvBejTc",
          "checksum": "0584245d74cf4534b57330091dadc6f7"
        },
        {
          "type": "image",
          "assetId": "y1CjWm4LC",
          "checksum": "b96ba299faa5ddfe782b5a64ce4d7d1b"
        },
        {
          "type": "image",
          "assetId": "nHazR67vE",
          "checksum": "fafbf2aa651fbf0d53dc0a4a91a29fcf"
        },
        {
          "type": "image",
          "assetId": "UGE69ej3z",
          "checksum": "d82b86e6dbca7d284e08cd809abd5711"
        },
        {
          "type": "renderModule",
          "assetId": "UgLYtY_iEg",
          "checksum": "59c227df1285bdf92869a82c035eddc4"
        },
        {
          "type": "cssRules",
          "assetId": "UgLYtY_iEg",
          "checksum": "59c227df1285bdf92869a82c035eddc4"
        },
        {
          "type": "renderModule",
          "assetId": "SRxjb5uqQx",
          "checksum": "d925f1d6b59e7f4fc0b74fb2ef0dada9"
        },
        {
          "type": "cssRules",
          "assetId": "SRxjb5uqQx",
          "checksum": "d925f1d6b59e7f4fc0b74fb2ef0dada9"
        },
        {
          "type": "renderModule",
          "assetId": "u1HD2iJpzl",
          "checksum": "5066a630a3d374d9b3f4f3acbebd6368"
        },
        {
          "type": "cssRules",
          "assetId": "u1HD2iJpzl",
          "checksum": "5066a630a3d374d9b3f4f3acbebd6368"
        },
        {
          "type": "renderModule",
          "assetId": "NlSaXhOoqK",
          "checksum": "2980a822072e4a894a4a535ac27fef49"
        },
        {
          "type": "cssRules",
          "assetId": "NlSaXhOoqK",
          "checksum": "2980a822072e4a894a4a535ac27fef49"
        },
        {
          "type": "renderModule",
          "assetId": "Ij7BXkTnkp",
          "checksum": "e420acc209cd45dbb4447d230dccd55d"
        },
        {
          "type": "cssRules",
          "assetId": "Ij7BXkTnkp",
          "checksum": "e420acc209cd45dbb4447d230dccd55d"
        },
        {
          "type": "renderModule",
          "assetId": "lNF5F5pVlN",
          "checksum": "0241330318d20faa10cd2fffe9640394"
        },
        {
          "type": "cssRules",
          "assetId": "lNF5F5pVlN",
          "checksum": "0241330318d20faa10cd2fffe9640394"
        },
        {
          "type": "renderModule",
          "assetId": "sGix8KYNyE",
          "checksum": "df1e2cd075f2f99e18c79c5142a19d58"
        },
        {
          "type": "cssRules",
          "assetId": "sGix8KYNyE",
          "checksum": "df1e2cd075f2f99e18c79c5142a19d58"
        },
        {
          "type": "renderModule",
          "assetId": "bvKFXUs5yH",
          "checksum": "1140e8eb6f697d05fd199334219ba091"
        },
        {
          "type": "cssRules",
          "assetId": "bvKFXUs5yH",
          "checksum": "1140e8eb6f697d05fd199334219ba091"
        },
        {
          "type": "renderModule",
          "assetId": "m4sIZxxOB6c",
          "checksum": "6d4ccfa0c05b9339d449f831598723a2"
        },
        {
          "type": "cssRules",
          "assetId": "m4sIZxxOB6c",
          "checksum": "6d4ccfa0c05b9339d449f831598723a2"
        },
        {
          "type": "renderModule",
          "assetId": "Xoe_b97VZI",
          "checksum": "6e039258fe8d8c123bb22e5a8f7c33e6"
        },
        {
          "type": "cssRules",
          "assetId": "Xoe_b97VZI",
          "checksum": "6e039258fe8d8c123bb22e5a8f7c33e6"
        },
        {
          "type": "renderModule",
          "assetId": "1zyzTuVyET",
          "checksum": "cd2c95668d82b7296ecd66acefc892d1"
        },
        {
          "type": "cssRules",
          "assetId": "1zyzTuVyET",
          "checksum": "cd2c95668d82b7296ecd66acefc892d1"
        },
        {
          "type": "renderModule",
          "assetId": "XdrU4NtvKY",
          "checksum": "2c70c7501f011432249b45fbec31ccdc"
        },
        {
          "type": "cssRules",
          "assetId": "XdrU4NtvKY",
          "checksum": "2c70c7501f011432249b45fbec31ccdc"
        },
        {
          "type": "renderModule",
          "assetId": "7GW8h_hViQ",
          "checksum": "5b1be804d63a193a97344d9d650d17f7"
        },
        {
          "type": "cssRules",
          "assetId": "7GW8h_hViQ",
          "checksum": "5b1be804d63a193a97344d9d650d17f7"
        },
        {
          "type": "renderModule",
          "assetId": "VpUVU_G7VJ",
          "checksum": "e1eb847336c1d000ebcbdeddfcf6fcf7"
        },
        {
          "type": "cssRules",
          "assetId": "VpUVU_G7VJ",
          "checksum": "e1eb847336c1d000ebcbdeddfcf6fcf7"
        },
        {
          "type": "image",
          "assetId": "bT884vBoz",
          "checksum": "5f9b97ecbeedd54bb84babdc3ed941be"
        },
        {
          "type": "image",
          "assetId": "9p0NIChNK",
          "checksum": "78e193a733659f3ba4a6a0bfe1988a60"
        },
        {
          "type": "image",
          "assetId": "o7HMk4tL5T",
          "checksum": "17ea7a71ba76052667250a83f6ca9a53"
        },
        {
          "type": "image",
          "assetId": "ew4FyKKRnt",
          "checksum": "eea51f17914e84e01cbe4deb0672371f"
        },
        {
          "type": "image",
          "assetId": "l7ysBHG3IR",
          "checksum": "54ddc6f9167605fc5f805924eb8fc1ae"
        },
        {
          "type": "image",
          "assetId": "uS1M93bKLT",
          "checksum": "779dbe5f5da56b58b34cc8684718a5aa"
        },
        {
          "type": "image",
          "assetId": "sSI73-iCY",
          "checksum": "215ef7884bd96756beea32e86d7c1360"
        },
        {
          "type": "renderModule",
          "assetId": "bjbftCrCDc",
          "checksum": "59d327db55afc3434f713a374978cb7f"
        },
        {
          "type": "cssRules",
          "assetId": "bjbftCrCDc",
          "checksum": "59d327db55afc3434f713a374978cb7f"
        },
        {
          "assetId": "8HMNFKnEv7gJ55SbTqvTiU",
          "type": "projectCss",
          "checksum": "7e9b7449fa6931885ed5efd1c444b45f"
        }
      ],
      "codegenVersion": "0.0.1"
    },
    {
      "projectId": "caTPwKxj5ZrD9LQ7DMdK4Z",
      "version": "3.13.0",
      "dependencies": {},
      "lang": "js",
      "fileLocks": [
        {
          "assetId": "caTPwKxj5ZrD9LQ7DMdK4Z",
          "type": "projectCss",
          "checksum": "3f861d9934733b06ddcc0158487615ce"
        }
      ],
      "codegenVersion": "0.0.1"
    }
  ],
  "cliVersion": "0.1.217"
}
