{
  "projects": [
    {
      "projectId": "8HMNFKnEv7gJ55SbTqvTiU",
      "version": "latest",
      "dependencies": {
        "caTPwKxj5ZrD9LQ7DMdK4Z": "3.13.0",
        "58GpZjZCWTaJ8AUhpCwt2K": "3.10.0",
        "84wxoth5npGrp6RRXPL88z": "4.10.0",
        "szjgMQpPpxhmkjnaBvZQJG": "2.10.0",
        "28Ba3BDvRe7EiWdfFNnLB6": "2.13.0"
      },
      "lang": "js",
      "fileLocks": [
        {
          "type": "globalVariant",
          "assetId": "CywHnA3LRZAXM",
          "checksum": "2afc09b14e536a8ed14f381ec9c45685"
        },
        {
          "type": "renderModule",
          "assetId": "0XcyjVyUyT",
          "checksum": "6a61cbe44b54a4de15f4a6e592f684bd"
        },
        {
          "type": "cssRules",
          "assetId": "0XcyjVyUyT",
          "checksum": "6a61cbe44b54a4de15f4a6e592f684bd"
        },
        {
          "type": "renderModule",
          "assetId": "40oQIk4rcZ",
          "checksum": "ac4dbd324dc530094a0131ae65a74303"
        },
        {
          "type": "cssRules",
          "assetId": "40oQIk4rcZ",
          "checksum": "ac4dbd324dc530094a0131ae65a74303"
        },
        {
          "type": "renderModule",
          "assetId": "e8nCEUlLHb",
          "checksum": "749e9e6c7110e6baa9fcfdf28e18743e"
        },
        {
          "type": "cssRules",
          "assetId": "e8nCEUlLHb",
          "checksum": "749e9e6c7110e6baa9fcfdf28e18743e"
        },
        {
          "type": "renderModule",
          "assetId": "4PjNop8mQb",
          "checksum": "237916525ebe73ebb2ed23de25fad18d"
        },
        {
          "type": "cssRules",
          "assetId": "4PjNop8mQb",
          "checksum": "237916525ebe73ebb2ed23de25fad18d"
        },
        {
          "type": "renderModule",
          "assetId": "AfiUy9xyrPK",
          "checksum": "c1ecbba9faafb4677650421cbfaa2ccd"
        },
        {
          "type": "cssRules",
          "assetId": "AfiUy9xyrPK",
          "checksum": "c1ecbba9faafb4677650421cbfaa2ccd"
        },
        {
          "type": "renderModule",
          "assetId": "SBcIalM9fJh",
          "checksum": "4531c12b621a5a24db42508e5edaa6ba"
        },
        {
          "type": "cssRules",
          "assetId": "SBcIalM9fJh",
          "checksum": "4531c12b621a5a24db42508e5edaa6ba"
        },
        {
          "type": "renderModule",
          "assetId": "M3bQRkfZiP",
          "checksum": "6568437bdbf5184deb43ab012c046dde"
        },
        {
          "type": "cssRules",
          "assetId": "M3bQRkfZiP",
          "checksum": "6568437bdbf5184deb43ab012c046dde"
        },
        {
          "type": "renderModule",
          "assetId": "0SLk0MG_H_",
          "checksum": "5f176677796b0b75557863ef7c248e78"
        },
        {
          "type": "cssRules",
          "assetId": "0SLk0MG_H_",
          "checksum": "5f176677796b0b75557863ef7c248e78"
        },
        {
          "type": "icon",
          "assetId": "6RdOQRrPg",
          "checksum": "be95b8e80b245a01143cd5fe90effb1d"
        },
        {
          "type": "icon",
          "assetId": "k2w9DMtuZQA",
          "checksum": "c9c25fb12146ebef51e31ebd58e4c7c5"
        },
        {
          "type": "icon",
          "assetId": "Etw_otJIc8D",
          "checksum": "809947281148b2b784a77d413b6bca37"
        },
        {
          "type": "icon",
          "assetId": "ZBXIjvBejTc",
          "checksum": "0584245d74cf4534b57330091dadc6f7"
        },
        {
          "type": "image",
          "assetId": "y1CjWm4LC",
          "checksum": "b96ba299faa5ddfe782b5a64ce4d7d1b"
        },
        {
          "type": "image",
          "assetId": "nHazR67vE",
          "checksum": "fafbf2aa651fbf0d53dc0a4a91a29fcf"
        },
        {
          "type": "image",
          "assetId": "UGE69ej3z",
          "checksum": "d82b86e6dbca7d284e08cd809abd5711"
        },
        {
          "type": "renderModule",
          "assetId": "UgLYtY_iEg",
          "checksum": "e17441baf71883eb7735a1fe5a711213"
        },
        {
          "type": "cssRules",
          "assetId": "UgLYtY_iEg",
          "checksum": "e17441baf71883eb7735a1fe5a711213"
        },
        {
          "type": "renderModule",
          "assetId": "SRxjb5uqQx",
          "checksum": "dbb54c8b8eafb21ecb144c85d700d67f"
        },
        {
          "type": "cssRules",
          "assetId": "SRxjb5uqQx",
          "checksum": "dbb54c8b8eafb21ecb144c85d700d67f"
        },
        {
          "type": "renderModule",
          "assetId": "u1HD2iJpzl",
          "checksum": "604ea74745576570a56921a8b3ef2872"
        },
        {
          "type": "cssRules",
          "assetId": "u1HD2iJpzl",
          "checksum": "604ea74745576570a56921a8b3ef2872"
        },
        {
          "type": "renderModule",
          "assetId": "NlSaXhOoqK",
          "checksum": "fb1b55fe4eeb194af8131e0aa206c684"
        },
        {
          "type": "cssRules",
          "assetId": "NlSaXhOoqK",
          "checksum": "fb1b55fe4eeb194af8131e0aa206c684"
        },
        {
          "type": "renderModule",
          "assetId": "Ij7BXkTnkp",
          "checksum": "3a6f54ba8593b7353796807cb5d748d2"
        },
        {
          "type": "cssRules",
          "assetId": "Ij7BXkTnkp",
          "checksum": "3a6f54ba8593b7353796807cb5d748d2"
        },
        {
          "type": "renderModule",
          "assetId": "lNF5F5pVlN",
          "checksum": "456583c5cf8cb8c6452ab63bf4a2375b"
        },
        {
          "type": "cssRules",
          "assetId": "lNF5F5pVlN",
          "checksum": "456583c5cf8cb8c6452ab63bf4a2375b"
        },
        {
          "type": "renderModule",
          "assetId": "sGix8KYNyE",
          "checksum": "e151be8e4ffabf6afccc3051f21b0abf"
        },
        {
          "type": "cssRules",
          "assetId": "sGix8KYNyE",
          "checksum": "e151be8e4ffabf6afccc3051f21b0abf"
        },
        {
          "type": "renderModule",
          "assetId": "bvKFXUs5yH",
          "checksum": "4fb8fb444d8d0318bcf1cd9feee7f64c"
        },
        {
          "type": "cssRules",
          "assetId": "bvKFXUs5yH",
          "checksum": "4fb8fb444d8d0318bcf1cd9feee7f64c"
        },
        {
          "type": "renderModule",
          "assetId": "m4sIZxxOB6c",
          "checksum": "06fec691329d9877181bbd26e8d1e828"
        },
        {
          "type": "cssRules",
          "assetId": "m4sIZxxOB6c",
          "checksum": "06fec691329d9877181bbd26e8d1e828"
        },
        {
          "type": "renderModule",
          "assetId": "Xoe_b97VZI",
          "checksum": "d86dcbbc3b88b4ecaa6bd96b1e5e6056"
        },
        {
          "type": "cssRules",
          "assetId": "Xoe_b97VZI",
          "checksum": "d86dcbbc3b88b4ecaa6bd96b1e5e6056"
        },
        {
          "type": "renderModule",
          "assetId": "1zyzTuVyET",
          "checksum": "acca464fba762ce14b94751aa9a0a0fe"
        },
        {
          "type": "cssRules",
          "assetId": "1zyzTuVyET",
          "checksum": "acca464fba762ce14b94751aa9a0a0fe"
        },
        {
          "type": "renderModule",
          "assetId": "XdrU4NtvKY",
          "checksum": "5f8e8ca3a4dc3f06d7c2703b03acd414"
        },
        {
          "type": "cssRules",
          "assetId": "XdrU4NtvKY",
          "checksum": "5f8e8ca3a4dc3f06d7c2703b03acd414"
        },
        {
          "type": "renderModule",
          "assetId": "7GW8h_hViQ",
          "checksum": "346bd08b4ece88ceb7ae0ee5e29e91a6"
        },
        {
          "type": "cssRules",
          "assetId": "7GW8h_hViQ",
          "checksum": "346bd08b4ece88ceb7ae0ee5e29e91a6"
        },
        {
          "type": "renderModule",
          "assetId": "VpUVU_G7VJ",
          "checksum": "e62f042da463260827a23a2ab28ea6ba"
        },
        {
          "type": "cssRules",
          "assetId": "VpUVU_G7VJ",
          "checksum": "e62f042da463260827a23a2ab28ea6ba"
        },
        {
          "type": "image",
          "assetId": "bT884vBoz",
          "checksum": "5f9b97ecbeedd54bb84babdc3ed941be"
        },
        {
          "type": "image",
          "assetId": "9p0NIChNK",
          "checksum": "78e193a733659f3ba4a6a0bfe1988a60"
        },
        {
          "type": "image",
          "assetId": "o7HMk4tL5T",
          "checksum": "17ea7a71ba76052667250a83f6ca9a53"
        },
        {
          "type": "image",
          "assetId": "ew4FyKKRnt",
          "checksum": "eea51f17914e84e01cbe4deb0672371f"
        },
        {
          "type": "image",
          "assetId": "l7ysBHG3IR",
          "checksum": "54ddc6f9167605fc5f805924eb8fc1ae"
        },
        {
          "type": "image",
          "assetId": "uS1M93bKLT",
          "checksum": "779dbe5f5da56b58b34cc8684718a5aa"
        },
        {
          "type": "image",
          "assetId": "sSI73-iCY",
          "checksum": "215ef7884bd96756beea32e86d7c1360"
        },
        {
          "type": "renderModule",
          "assetId": "bjbftCrCDc",
          "checksum": "c1c705bd095489a589213f3bf015545e"
        },
        {
          "type": "cssRules",
          "assetId": "bjbftCrCDc",
          "checksum": "c1c705bd095489a589213f3bf015545e"
        },
        {
          "type": "renderModule",
          "assetId": "2QbDyMolKpzt",
          "checksum": "0f43abcc4159ca702e060e8092d391bb"
        },
        {
          "type": "cssRules",
          "assetId": "2QbDyMolKpzt",
          "checksum": "0f43abcc4159ca702e060e8092d391bb"
        },
        {
          "type": "renderModule",
          "assetId": "k4HYKP0cB3",
          "checksum": "4821ff2802f61a30cf2e4bc222bc9ae5"
        },
        {
          "type": "cssRules",
          "assetId": "k4HYKP0cB3",
          "checksum": "4821ff2802f61a30cf2e4bc222bc9ae5"
        },
        {
          "type": "image",
          "assetId": "xdgbyBHDe",
          "checksum": "f9ed4f7d0fb36ebc16fe9406585524c3"
        },
        {
          "type": "image",
          "assetId": "2NykYTeCs",
          "checksum": "cad108202e036c274049b76235c9b55b"
        },
        {
          "type": "image",
          "assetId": "jmh1oSKby",
          "checksum": "20b4b54c885dba6fe15ed0a3d81b5937"
        },
        {
          "type": "icon",
          "assetId": "DNRUvAYM2HW",
          "checksum": "fa689860938ca8cab4d8451a59f8f258"
        },
        {
          "type": "icon",
          "assetId": "31Yg_fNWtbn",
          "checksum": "7c34039f220d9ea251edd48b0eeea286"
        },
        {
          "type": "icon",
          "assetId": "8C5tqx-mBj1",
          "checksum": "b7a6606270e42975353b04663b5e35d1"
        },
        {
          "type": "icon",
          "assetId": "ipTfksi37kn",
          "checksum": "f3786d9aa597dc1cf8e68ae4ba06ae84"
        },
        {
          "type": "icon",
          "assetId": "7YNcUwV6WIU",
          "checksum": "19ed89323f9d72a0b228e5548b04b2be"
        },
        {
          "type": "icon",
          "assetId": "se60FxbSFTV",
          "checksum": "d8a62b968ab8f065639b86742c2d6a7b"
        },
        {
          "type": "icon",
          "assetId": "vfZkxSf_73p",
          "checksum": "ebffff62808fe090e043f83fde04ca38"
        },
        {
          "type": "icon",
          "assetId": "1n3uaOipAJP",
          "checksum": "00d3d89b017574d2d1f1f8f830ec7c04"
        },
        {
          "type": "icon",
          "assetId": "CoRBPCjCmUu",
          "checksum": "a29ade970609576c5d59b20509b8587e"
        },
        {
          "type": "icon",
          "assetId": "a-ep3SWSlMS",
          "checksum": "4ae5e1ee57c5b5614a84a03edba0d9d6"
        },
        {
          "type": "icon",
          "assetId": "beXJrDu70r9",
          "checksum": "2890c9d9c263c7e3699e04baf5a9ccab"
        },
        {
          "type": "icon",
          "assetId": "JWrSG79X0si",
          "checksum": "fb2d22abd474f56ab11e9902c897b2bc"
        },
        {
          "type": "image",
          "assetId": "mhXr2Nfm5n1",
          "checksum": "40d006aafc0065c620188f59a98a9717"
        },
        {
          "type": "image",
          "assetId": "H6qR3jZ3MyS",
          "checksum": "ca26356da0da5a099934f10ba03f0c4d"
        },
        {
          "type": "image",
          "assetId": "8rJdrqoMtzw",
          "checksum": "eb55c7fba39dacbfcf94200158122c20"
        },
        {
          "type": "image",
          "assetId": "dXvQQy3f01i",
          "checksum": "c00629c307c4296621909a936ba18231"
        },
        {
          "type": "image",
          "assetId": "ssgwtlDxkPe",
          "checksum": "84bfb0e42d1f01844c6295a401af151a"
        },
        {
          "type": "image",
          "assetId": "bWQaZl6eS8X",
          "checksum": "e5ad918966499bd2b7f354123749571a"
        },
        {
          "type": "image",
          "assetId": "BSX1CE65zTO",
          "checksum": "6c096f1bfbaacce552d9669d124bf9c5"
        },
        {
          "type": "image",
          "assetId": "acVYyguR92p",
          "checksum": "042f323af044b7d30e4a35f3ee19cfc0"
        },
        {
          "type": "image",
          "assetId": "lJRXkbezgyH",
          "checksum": "bbfaeec431290e220af1e2c82d9f7efb"
        },
        {
          "type": "image",
          "assetId": "s5wzGOrrFYL",
          "checksum": "ce72d4a3836c318e544a67cad0adec10"
        },
        {
          "type": "image",
          "assetId": "cKbKA5jTzKi",
          "checksum": "32d1a3f5948627fa7e32311b7ddcf567"
        },
        {
          "type": "image",
          "assetId": "39ITRHZnq1h",
          "checksum": "b8c040a40a50b037e6053afa816aa2d1"
        },
        {
          "type": "image",
          "assetId": "hrXs8pTkL7b",
          "checksum": "3a82a81ebef8dc4102edad6eca9fe42f"
        },
        {
          "type": "image",
          "assetId": "tKlo3oS15wZ",
          "checksum": "52e525caec50452a4d946c4dac473f38"
        },
        {
          "type": "image",
          "assetId": "iX8vHt6JGRo",
          "checksum": "b9cfd484a8ef0ae1361ec3c25e9c1272"
        },
        {
          "type": "image",
          "assetId": "hISE-I7i-u5",
          "checksum": "070cb8c2553760f14dcbc58216cc3462"
        },
        {
          "type": "image",
          "assetId": "HDDSCtzN33P",
          "checksum": "af13506f575a20b0fdb8e65f2fcda6b5"
        },
        {
          "type": "image",
          "assetId": "YwwttC2cHJ8",
          "checksum": "dd053b7bb05141444ac86c4184a716cb"
        },
        {
          "type": "image",
          "assetId": "oUB-WsmZS_s",
          "checksum": "b10d3e905ac21be014c942413e889d1a"
        },
        {
          "type": "image",
          "assetId": "LIegEnYhAoT",
          "checksum": "1f636afd5cdffe025e24b025158e3717"
        },
        {
          "type": "image",
          "assetId": "X1MVAhgQQmn",
          "checksum": "aec1ca3dd558ca34492104ccafa6d8b6"
        },
        {
          "type": "image",
          "assetId": "4Q8NOUKXtIg",
          "checksum": "7b8acfb5791026a6fdbef5160d940ce4"
        },
        {
          "type": "image",
          "assetId": "3kHKJPkAorh",
          "checksum": "198609ba2adcd36438acbb8779f08e5c"
        },
        {
          "type": "image",
          "assetId": "uesjIZtFKJ_",
          "checksum": "a9451a8768c4159545d479cb92b1a185"
        },
        {
          "type": "image",
          "assetId": "8heGfj0mmbN",
          "checksum": "01455ff7f4bfa6f1aaf766e3d12e1b14"
        },
        {
          "type": "image",
          "assetId": "qrIH4BDl6ez",
          "checksum": "30e7fb057f3de866eb09757dd9a93323"
        },
        {
          "type": "image",
          "assetId": "IyV8UPJWJHP",
          "checksum": "70c89ddc9f92bf4636dccebc9fe8d022"
        },
        {
          "type": "image",
          "assetId": "kmaJkeYnKDi",
          "checksum": "fc2bf5bf2d1e10e5c200ea86f80f8897"
        },
        {
          "type": "image",
          "assetId": "1oLaHf9etXB",
          "checksum": "cdce1ceca4f590c803394e4994ecd2f1"
        },
        {
          "type": "image",
          "assetId": "GPKu8t8WtDb",
          "checksum": "33d99116ea69782ed1737b01577ea5d9"
        },
        {
          "type": "image",
          "assetId": "u6nAxOqHIkj",
          "checksum": "1deda56a2ce0fd5427c79e18039b374f"
        },
        {
          "type": "renderModule",
          "assetId": "4TAJZAGeri",
          "checksum": "77ed5384e5fb2bc113705971543fa71a"
        },
        {
          "type": "cssRules",
          "assetId": "4TAJZAGeri",
          "checksum": "77ed5384e5fb2bc113705971543fa71a"
        },
        {
          "type": "image",
          "assetId": "bhMxmw0mQ",
          "checksum": "32f953af29626305099f04e5b3edbf2b"
        },
        {
          "type": "renderModule",
          "assetId": "yyu20WZeYJ",
          "checksum": "83b10b154bd17e1acf081fb621dfcf28"
        },
        {
          "type": "cssRules",
          "assetId": "yyu20WZeYJ",
          "checksum": "83b10b154bd17e1acf081fb621dfcf28"
        },
        {
          "assetId": "8HMNFKnEv7gJ55SbTqvTiU",
          "checksum": "63df6a6761f497a0a761b2e2008a5611",
          "type": "globalContexts"
        },
        {
          "type": "renderModule",
          "assetId": "u0YbhZ-njs",
          "checksum": "b50ea77666114d76abee81d496e30222"
        },
        {
          "type": "cssRules",
          "assetId": "u0YbhZ-njs",
          "checksum": "b50ea77666114d76abee81d496e30222"
        },
        {
          "type": "renderModule",
          "assetId": "pvXv2nIO7t",
          "checksum": "c3f9fbe2e33a852f1cd056232f71fca1"
        },
        {
          "type": "cssRules",
          "assetId": "pvXv2nIO7t",
          "checksum": "c3f9fbe2e33a852f1cd056232f71fca1"
        },
        {
          "type": "renderModule",
          "assetId": "Gvxz35rlhk",
          "checksum": "3a845cd53a774ae5876f1ce284bdb978"
        },
        {
          "type": "cssRules",
          "assetId": "Gvxz35rlhk",
          "checksum": "3a845cd53a774ae5876f1ce284bdb978"
        },
        {
          "type": "renderModule",
          "assetId": "s2EwREIjTL7",
          "checksum": "75bdb9a813753da5f3a92a957986c12b"
        },
        {
          "type": "cssRules",
          "assetId": "s2EwREIjTL7",
          "checksum": "75bdb9a813753da5f3a92a957986c12b"
        },
        {
          "assetId": "8HMNFKnEv7gJ55SbTqvTiU",
          "type": "projectCss",
          "checksum": "e0761fa75ca8b77734090e83a68c1651"
        }
      ],
      "codegenVersion": "0.0.1"
    },
    {
      "projectId": "caTPwKxj5ZrD9LQ7DMdK4Z",
      "version": "3.13.0",
      "dependencies": {},
      "lang": "js",
      "fileLocks": [
        {
          "assetId": "caTPwKxj5ZrD9LQ7DMdK4Z",
          "type": "projectCss",
          "checksum": "3f861d9934733b06ddcc0158487615ce"
        }
      ],
      "codegenVersion": "0.0.1"
    },
    {
      "projectId": "szjgMQpPpxhmkjnaBvZQJG",
      "version": "2.10.0",
      "dependencies": {},
      "lang": "js",
      "fileLocks": [
        {
          "assetId": "szjgMQpPpxhmkjnaBvZQJG",
          "type": "projectCss",
          "checksum": "f79d5c445a5793a8dd0b52ee8fc9a720"
        }
      ],
      "codegenVersion": "0.0.1"
    },
    {
      "projectId": "84wxoth5npGrp6RRXPL88z",
      "version": "4.10.0",
      "dependencies": {},
      "lang": "js",
      "fileLocks": [
        {
          "assetId": "84wxoth5npGrp6RRXPL88z",
          "type": "projectCss",
          "checksum": "19d873a43cd29ae40e2d9c68ba437a3e"
        },
        {
          "assetId": "84wxoth5npGrp6RRXPL88z",
          "checksum": "d5dcbb72688a7935971d853f790bc38e",
          "type": "globalContexts"
        }
      ],
      "codegenVersion": "0.0.1"
    },
    {
      "projectId": "58GpZjZCWTaJ8AUhpCwt2K",
      "version": "3.10.0",
      "dependencies": {},
      "lang": "js",
      "fileLocks": [
        {
          "assetId": "58GpZjZCWTaJ8AUhpCwt2K",
          "type": "projectCss",
          "checksum": "dbf25c878cd885da8866557c058b53ff"
        }
      ],
      "codegenVersion": "0.0.1"
    },
    {
      "projectId": "28Ba3BDvRe7EiWdfFNnLB6",
      "version": "2.13.0",
      "dependencies": {},
      "lang": "js",
      "fileLocks": [
        {
          "assetId": "28Ba3BDvRe7EiWdfFNnLB6",
          "type": "projectCss",
          "checksum": "740650b05472db4e42801b334405144a"
        }
      ],
      "codegenVersion": "0.0.1"
    },
    {
      "projectId": "YUiM7yqBWAqsh8KSnrdj7",
      "version": "0.11.0",
      "dependencies": {},
      "lang": "js",
      "fileLocks": [
        {
          "assetId": "YUiM7yqBWAqsh8KSnrdj7",
          "type": "projectCss",
          "checksum": "6be9dbec891937cda3b59d2fd3c44796"
        }
      ],
      "codegenVersion": "0.0.1"
    }
  ],
  "cliVersion": "0.1.217"
}
